
Microsoft Visual Studio Solution File, Format Version 9.00
# Visual Studio 2005
Project("{8BC9CEB8-8B4A-11D0-8D11-00A0C91BC942}") = "MODLIB\MODLIB", "MODLIB\MODLIB.vcproj", "{35B6B195-17B4-4D17-9C3A-60F02A268EFC}"
EndProject
Global
	GlobalSection(SolutionConfigurationPlatforms) = preSolution
		Debug|Win32 = Debug|Win32
		Release|Win32 = Release|Win32
	EndGlobalSection
	GlobalSection(ProjectConfigurationPlatforms) = postSolution
		{35B6B195-17B4-4D17-9C3A-60F02A268EFC}.Debug|Win32.ActiveCfg = Debug|Win32
		{35B6B195-17B4-4D17-9C3A-60F02A268EFC}.Debug|Win32.Build.0 = Debug|Win32
		{35B6B195-17B4-4D17-9C3A-60F02A268EFC}.Release|Win32.ActiveCfg = Release|Win32
		{35B6B195-17B4-4D17-9C3A-60F02A268EFC}.Release|Win32.Build.0 = Release|Win32
	EndGlobalSection
	GlobalSection(SolutionProperties) = preSolution
		HideSolutionNode = FALSE
	EndGlobalSection
EndGlobal
